
Microsoft Visual Studio Solution File, Format Version 12.00
# Visual Studio Version 17
VisualStudioVersion = 17.7.34031.279
MinimumVisualStudioVersion = 10.0.40219.1
Project("{FAE04EC0-301F-11D3-BF4B-00C04F79EFBC}") = "MyLibrary", "MyLibrary.csproj", "{90CD6186-5089-47EA-86AA-F4B8B10B3A3A}"
EndProject
Project("{FAE04EC0-301F-11D3-BF4B-00C04F79EFBC}") = "TestProject", "..\TestProject\TestProject.csproj", "{9A7678A4-3238-42CA-8DBB-757EE1709804}"
EndProject
Global
	GlobalSection(SolutionConfigurationPlatforms) = preSolution
		Debug|Any CPU = Debug|Any CPU
		Release|Any CPU = Release|Any CPU
	EndGlobalSection
	GlobalSection(ProjectConfigurationPlatforms) = postSolution
		{90CD6186-5089-47EA-86AA-F4B8B10B3A3A}.Debug|Any CPU.ActiveCfg = Debug|Any CPU
		{90CD6186-5089-47EA-86AA-F4B8B10B3A3A}.Debug|Any CPU.Build.0 = Debug|Any CPU
		{90CD6186-5089-47EA-86AA-F4B8B10B3A3A}.Release|Any CPU.ActiveCfg = Release|Any CPU
		{90CD6186-5089-47EA-86AA-F4B8B10B3A3A}.Release|Any CPU.Build.0 = Release|Any CPU
		{9A7678A4-3238-42CA-8DBB-757EE1709804}.Debug|Any CPU.ActiveCfg = Debug|Any CPU
		{9A7678A4-3238-42CA-8DBB-757EE1709804}.Debug|Any CPU.Build.0 = Debug|Any CPU
		{9A7678A4-3238-42CA-8DBB-757EE1709804}.Release|Any CPU.ActiveCfg = Release|Any CPU
		{9A7678A4-3238-42CA-8DBB-757EE1709804}.Release|Any CPU.Build.0 = Release|Any CPU
	EndGlobalSection
	GlobalSection(SolutionProperties) = preSolution
		HideSolutionNode = FALSE
	EndGlobalSection
	GlobalSection(ExtensibilityGlobals) = postSolution
		SolutionGuid = {AB4BFC07-336D-4584-B899-930F9ADB4468}
	EndGlobalSection
EndGlobal
